{
  "name": "visitsystem",
  "version": "1.0.0",
  "lockfileVersion": 1,
  "requires": true,
  "dependencies": {
    "@vant/weapp": {
      "version": "1.0.1",
      "resolved": "https://registry.npmjs.org/@vant/weapp/-/weapp-1.0.1.tgz",
      "integrity": "sha512-GqT957T66y3JX8aMuXNIUPbBsg5NxyKzfMrMrFR+7kzhDuieKcmir7WJFoVkGA00aED/Mw30om99x/BdFGdm0w=="
    }
  }
}
